
Microsoft Visual Studio Solution File, Format Version 12.00
# Visual Studio Version 17
VisualStudioVersion = 17.1.32328.378
MinimumVisualStudioVersion = 10.0.40219.1
Project("{9A19103F-16F7-4668-BE54-9A1E7A4F7556}") = "Clase-3.MVC.Web", "Clase-3.MVC.Web\Clase-3.MVC.Web.csproj", "{901C460A-1589-4B27-8FC0-E37DE386E19B}"
EndProject
Project("{FAE04EC0-301F-11D3-BF4B-00C04F79EFBC}") = "Clase-3.Servicios", "Clase-3.Servicios\Clase-3.Servicios.csproj", "{654A11BA-7699-4DF3-A395-4C70D013D539}"
EndProject
Project("{FAE04EC0-301F-11D3-BF4B-00C04F79EFBC}") = "Clase-3.Entidades", "Clase-3.Entidades\Clase-3.Entidades.csproj", "{FAB4B46A-CE99-4642-B626-D7B22E7F1A77}"
EndProject
Global
	GlobalSection(SolutionConfigurationPlatforms) = preSolution
		Debug|Any CPU = Debug|Any CPU
		Release|Any CPU = Release|Any CPU
	EndGlobalSection
	GlobalSection(ProjectConfigurationPlatforms) = postSolution
		{901C460A-1589-4B27-8FC0-E37DE386E19B}.Debug|Any CPU.ActiveCfg = Debug|Any CPU
		{901C460A-1589-4B27-8FC0-E37DE386E19B}.Debug|Any CPU.Build.0 = Debug|Any CPU
		{901C460A-1589-4B27-8FC0-E37DE386E19B}.Release|Any CPU.ActiveCfg = Release|Any CPU
		{901C460A-1589-4B27-8FC0-E37DE386E19B}.Release|Any CPU.Build.0 = Release|Any CPU
		{654A11BA-7699-4DF3-A395-4C70D013D539}.Debug|Any CPU.ActiveCfg = Debug|Any CPU
		{654A11BA-7699-4DF3-A395-4C70D013D539}.Debug|Any CPU.Build.0 = Debug|Any CPU
		{654A11BA-7699-4DF3-A395-4C70D013D539}.Release|Any CPU.ActiveCfg = Release|Any CPU
		{654A11BA-7699-4DF3-A395-4C70D013D539}.Release|Any CPU.Build.0 = Release|Any CPU
		{FAB4B46A-CE99-4642-B626-D7B22E7F1A77}.Debug|Any CPU.ActiveCfg = Debug|Any CPU
		{FAB4B46A-CE99-4642-B626-D7B22E7F1A77}.Debug|Any CPU.Build.0 = Debug|Any CPU
		{FAB4B46A-CE99-4642-B626-D7B22E7F1A77}.Release|Any CPU.ActiveCfg = Release|Any CPU
		{FAB4B46A-CE99-4642-B626-D7B22E7F1A77}.Release|Any CPU.Build.0 = Release|Any CPU
	EndGlobalSection
	GlobalSection(SolutionProperties) = preSolution
		HideSolutionNode = FALSE
	EndGlobalSection
	GlobalSection(ExtensibilityGlobals) = postSolution
		SolutionGuid = {68EF00CA-0E04-44D6-9CA2-2DDD0BD27BFC}
	EndGlobalSection
EndGlobal
